
Microsoft Visual Studio Solution File, Format Version 12.00
# Visual Studio Version 16
VisualStudioVersion = 16.0.31321.278
MinimumVisualStudioVersion = 10.0.40219.1
Project("{FAE04EC0-301F-11D3-BF4B-00C04F79EFBC}") = "3cu tapshiriq", "3cu tapshiriq\3cu tapshiriq.csproj", "{04DF0FC2-46B3-4E1A-84FD-854C9CBA392D}"
EndProject
Global
	GlobalSection(SolutionConfigurationPlatforms) = preSolution
		Debug|Any CPU = Debug|Any CPU
		Release|Any CPU = Release|Any CPU
	EndGlobalSection
	GlobalSection(ProjectConfigurationPlatforms) = postSolution
		{04DF0FC2-46B3-4E1A-84FD-854C9CBA392D}.Debug|Any CPU.ActiveCfg = Debug|Any CPU
		{04DF0FC2-46B3-4E1A-84FD-854C9CBA392D}.Debug|Any CPU.Build.0 = Debug|Any CPU
		{04DF0FC2-46B3-4E1A-84FD-854C9CBA392D}.Release|Any CPU.ActiveCfg = Release|Any CPU
		{04DF0FC2-46B3-4E1A-84FD-854C9CBA392D}.Release|Any CPU.Build.0 = Release|Any CPU
	EndGlobalSection
	GlobalSection(SolutionProperties) = preSolution
		HideSolutionNode = FALSE
	EndGlobalSection
	GlobalSection(ExtensibilityGlobals) = postSolution
		SolutionGuid = {AAE1057B-D256-459D-8037-353F9175F448}
	EndGlobalSection
EndGlobal
